# This file is automatically @generated by Cargo.
# It is not intended for manual editing.
[[package]]
name = "bytelines"
version = "2.2.2"
source = "registry+https://github.com/rust-lang/crates.io-index"
checksum = "791e4e40d13e1463dee537b254225c12c46ec7328f1817c6264873bc166f615f"

[[package]]
name = "read_log"
version = "0.1.0"
dependencies = [
 "bytelines",
]
